
Microsoft Visual Studio Solution File, Format Version 12.00
# Visual Studio Version 17
VisualStudioVersion = 17.4.33205.214
MinimumVisualStudioVersion = 10.0.40219.1
Project("{FAE04EC0-301F-11D3-BF4B-00C04F79EFBC}") = "Demo", "Demo\Demo.csproj", "{04C1F996-A756-464B-B1F7-5B61D5079E1D}"
EndProject
Global
	GlobalSection(SolutionConfigurationPlatforms) = preSolution
		Debug|Any CPU = Debug|Any CPU
		Release|Any CPU = Release|Any CPU
	EndGlobalSection
	GlobalSection(ProjectConfigurationPlatforms) = postSolution
		{04C1F996-A756-464B-B1F7-5B61D5079E1D}.Debug|Any CPU.ActiveCfg = Debug|Any CPU
		{04C1F996-A756-464B-B1F7-5B61D5079E1D}.Debug|Any CPU.Build.0 = Debug|Any CPU
		{04C1F996-A756-464B-B1F7-5B61D5079E1D}.Release|Any CPU.ActiveCfg = Release|Any CPU
		{04C1F996-A756-464B-B1F7-5B61D5079E1D}.Release|Any CPU.Build.0 = Release|Any CPU
	EndGlobalSection
	GlobalSection(SolutionProperties) = preSolution
		HideSolutionNode = FALSE
	EndGlobalSection
	GlobalSection(ExtensibilityGlobals) = postSolution
		SolutionGuid = {38EB86F6-8980-413C-8A65-371FE99D5AF6}
	EndGlobalSection
EndGlobal
