
Microsoft Visual Studio Solution File, Format Version 12.00
# Visual Studio Version 17
VisualStudioVersion = 17.3.32804.467
MinimumVisualStudioVersion = 10.0.40219.1
Project("{9A19103F-16F7-4668-BE54-9A1E7A4F7556}") = "P01.FoodFinder", "Exam23Oct2021\P01.FoodFinder.csproj", "{3FC5B3AC-EE1C-4841-A689-A472934FEB84}"
EndProject
Project("{9A19103F-16F7-4668-BE54-9A1E7A4F7556}") = "P02.PawnWars", "P02.PawnWars\P02.PawnWars.csproj", "{FEFF006A-075E-42AC-92D6-EBFFD28D2048}"
EndProject
Project("{9A19103F-16F7-4668-BE54-9A1E7A4F7556}") = "P03.StockMarket", "P03.StockMarket\P03.StockMarket.csproj", "{F364AFD5-2328-467A-AAD5-9EA261CDD224}"
EndProject
Global
	GlobalSection(SolutionConfigurationPlatforms) = preSolution
		Debug|Any CPU = Debug|Any CPU
		Release|Any CPU = Release|Any CPU
	EndGlobalSection
	GlobalSection(ProjectConfigurationPlatforms) = postSolution
		{3FC5B3AC-EE1C-4841-A689-A472934FEB84}.Debug|Any CPU.ActiveCfg = Debug|Any CPU
		{3FC5B3AC-EE1C-4841-A689-A472934FEB84}.Debug|Any CPU.Build.0 = Debug|Any CPU
		{3FC5B3AC-EE1C-4841-A689-A472934FEB84}.Release|Any CPU.ActiveCfg = Release|Any CPU
		{3FC5B3AC-EE1C-4841-A689-A472934FEB84}.Release|Any CPU.Build.0 = Release|Any CPU
		{FEFF006A-075E-42AC-92D6-EBFFD28D2048}.Debug|Any CPU.ActiveCfg = Debug|Any CPU
		{FEFF006A-075E-42AC-92D6-EBFFD28D2048}.Debug|Any CPU.Build.0 = Debug|Any CPU
		{FEFF006A-075E-42AC-92D6-EBFFD28D2048}.Release|Any CPU.ActiveCfg = Release|Any CPU
		{FEFF006A-075E-42AC-92D6-EBFFD28D2048}.Release|Any CPU.Build.0 = Release|Any CPU
		{F364AFD5-2328-467A-AAD5-9EA261CDD224}.Debug|Any CPU.ActiveCfg = Debug|Any CPU
		{F364AFD5-2328-467A-AAD5-9EA261CDD224}.Debug|Any CPU.Build.0 = Debug|Any CPU
		{F364AFD5-2328-467A-AAD5-9EA261CDD224}.Release|Any CPU.ActiveCfg = Release|Any CPU
		{F364AFD5-2328-467A-AAD5-9EA261CDD224}.Release|Any CPU.Build.0 = Release|Any CPU
	EndGlobalSection
	GlobalSection(SolutionProperties) = preSolution
		HideSolutionNode = FALSE
	EndGlobalSection
	GlobalSection(ExtensibilityGlobals) = postSolution
		SolutionGuid = {1E950BCC-BE93-45A5-AE28-FA0936F6F02F}
	EndGlobalSection
EndGlobal
