
Microsoft Visual Studio Solution File, Format Version 12.00
# Visual Studio Version 17
VisualStudioVersion = 17.3.32825.248
MinimumVisualStudioVersion = 10.0.40219.1
Project("{FAE04EC0-301F-11D3-BF4B-00C04F79EFBC}") = "E01.Logger", "E01.Logger\E01.Logger.csproj", "{AB96088D-7238-4765-AAA0-4C079326B3E5}"
EndProject
Global
	GlobalSection(SolutionConfigurationPlatforms) = preSolution
		Debug|Any CPU = Debug|Any CPU
		Release|Any CPU = Release|Any CPU
	EndGlobalSection
	GlobalSection(ProjectConfigurationPlatforms) = postSolution
		{AB96088D-7238-4765-AAA0-4C079326B3E5}.Debug|Any CPU.ActiveCfg = Debug|Any CPU
		{AB96088D-7238-4765-AAA0-4C079326B3E5}.Debug|Any CPU.Build.0 = Debug|Any CPU
		{AB96088D-7238-4765-AAA0-4C079326B3E5}.Release|Any CPU.ActiveCfg = Release|Any CPU
		{AB96088D-7238-4765-AAA0-4C079326B3E5}.Release|Any CPU.Build.0 = Release|Any CPU
	EndGlobalSection
	GlobalSection(SolutionProperties) = preSolution
		HideSolutionNode = FALSE
	EndGlobalSection
	GlobalSection(ExtensibilityGlobals) = postSolution
		SolutionGuid = {A9287413-3818-49C7-9780-CA6AEDE2C77F}
	EndGlobalSection
EndGlobal
