
Microsoft Visual Studio Solution File, Format Version 12.00
# Visual Studio Version 17
VisualStudioVersion = 17.1.32228.430
MinimumVisualStudioVersion = 10.0.40219.1
Project("{9A19103F-16F7-4668-BE54-9A1E7A4F7556}") = "MultidimensionalArrays", "MultidimensionalArrays\MultidimensionalArrays.csproj", "{FA676417-174F-4CB9-9D83-859AD4BDD85C}"
EndProject
Project("{9A19103F-16F7-4668-BE54-9A1E7A4F7556}") = "SumMatrixColumn", "SumMatrixColumn\SumMatrixColumn.csproj", "{01D16265-D273-41E2-AA8B-32F62088024C}"
EndProject
Project("{9A19103F-16F7-4668-BE54-9A1E7A4F7556}") = "SquareWithMaximumSum", "SquareWithMaximumSum\SquareWithMaximumSum.csproj", "{9438FB3F-F589-4165-AE0B-9598F03D7DB2}"
EndProject
Project("{9A19103F-16F7-4668-BE54-9A1E7A4F7556}") = "SquareWithMaximumSumMxN", "SquareWithMaximumSumMxN\SquareWithMaximumSumMxN.csproj", "{BDA90C9B-E67C-4084-B7BB-015D963BFE1F}"
EndProject
Project("{9A19103F-16F7-4668-BE54-9A1E7A4F7556}") = "JaggedArrays", "JaggedArrays\JaggedArrays.csproj", "{AFBF6F2F-9F4D-4EED-9C8B-6540F7A7DBAF}"
EndProject
Project("{9A19103F-16F7-4668-BE54-9A1E7A4F7556}") = "JaggedArrayModification", "JaggedArrayModification\JaggedArrayModification.csproj", "{B46ADCE2-FA6E-43C2-BA7F-15C48E436184}"
EndProject
Project("{9A19103F-16F7-4668-BE54-9A1E7A4F7556}") = "PascalsTriangle", "PascalsTriangle\PascalsTriangle.csproj", "{5AD08308-CDBF-4CD3-829D-24774760B5F4}"
EndProject
Project("{9A19103F-16F7-4668-BE54-9A1E7A4F7556}") = "PascalTriangleOptimization", "PascalTriangleOptimization\PascalTriangleOptimization.csproj", "{C3A43510-5BF4-4777-A6D5-014E14E36DCB}"
EndProject
Project("{9A19103F-16F7-4668-BE54-9A1E7A4F7556}") = "KnightGame", "KnightGame\KnightGame.csproj", "{95EAF2CC-63DC-4676-B6FE-795738F3FA55}"
EndProject
Project("{9A19103F-16F7-4668-BE54-9A1E7A4F7556}") = "DiagonalDifference", "DiagonalDifference\DiagonalDifference.csproj", "{710D1CE6-0146-4002-ADAC-74A778E26DE4}"
EndProject
Project("{9A19103F-16F7-4668-BE54-9A1E7A4F7556}") = "2x2SquaresInMatrix", "2x2SquaresInMatrix\2x2SquaresInMatrix.csproj", "{F29D9B17-C95F-493C-8C25-9E870AD4CF2D}"
EndProject
Project("{9A19103F-16F7-4668-BE54-9A1E7A4F7556}") = "MaximalSum", "MaximalSum\MaximalSum.csproj", "{CE2BF722-7E52-4C15-892F-AEF72D42FE02}"
EndProject
Project("{9A19103F-16F7-4668-BE54-9A1E7A4F7556}") = "MatrixShuffling", "MatrixShuffling\MatrixShuffling.csproj", "{CD445A7C-D2DB-4E7E-84D7-0479482ED73D}"
EndProject
Project("{FAE04EC0-301F-11D3-BF4B-00C04F79EFBC}") = "SnakeMoves", "SnakeMoves\SnakeMoves.csproj", "{0D332B97-7F56-472A-8E56-C2DD6B06F756}"
EndProject
Project("{FAE04EC0-301F-11D3-BF4B-00C04F79EFBC}") = "JaggedArrayManipulator", "JaggedArrayManipulator\JaggedArrayManipulator.csproj", "{F2BF9CBA-5C8C-4A6F-8452-16948569C102}"
EndProject
Global
	GlobalSection(SolutionConfigurationPlatforms) = preSolution
		Debug|Any CPU = Debug|Any CPU
		Release|Any CPU = Release|Any CPU
	EndGlobalSection
	GlobalSection(ProjectConfigurationPlatforms) = postSolution
		{FA676417-174F-4CB9-9D83-859AD4BDD85C}.Debug|Any CPU.ActiveCfg = Debug|Any CPU
		{FA676417-174F-4CB9-9D83-859AD4BDD85C}.Debug|Any CPU.Build.0 = Debug|Any CPU
		{FA676417-174F-4CB9-9D83-859AD4BDD85C}.Release|Any CPU.ActiveCfg = Release|Any CPU
		{FA676417-174F-4CB9-9D83-859AD4BDD85C}.Release|Any CPU.Build.0 = Release|Any CPU
		{01D16265-D273-41E2-AA8B-32F62088024C}.Debug|Any CPU.ActiveCfg = Debug|Any CPU
		{01D16265-D273-41E2-AA8B-32F62088024C}.Debug|Any CPU.Build.0 = Debug|Any CPU
		{01D16265-D273-41E2-AA8B-32F62088024C}.Release|Any CPU.ActiveCfg = Release|Any CPU
		{01D16265-D273-41E2-AA8B-32F62088024C}.Release|Any CPU.Build.0 = Release|Any CPU
		{9438FB3F-F589-4165-AE0B-9598F03D7DB2}.Debug|Any CPU.ActiveCfg = Debug|Any CPU
		{9438FB3F-F589-4165-AE0B-9598F03D7DB2}.Debug|Any CPU.Build.0 = Debug|Any CPU
		{9438FB3F-F589-4165-AE0B-9598F03D7DB2}.Release|Any CPU.ActiveCfg = Release|Any CPU
		{9438FB3F-F589-4165-AE0B-9598F03D7DB2}.Release|Any CPU.Build.0 = Release|Any CPU
		{BDA90C9B-E67C-4084-B7BB-015D963BFE1F}.Debug|Any CPU.ActiveCfg = Debug|Any CPU
		{BDA90C9B-E67C-4084-B7BB-015D963BFE1F}.Debug|Any CPU.Build.0 = Debug|Any CPU
		{BDA90C9B-E67C-4084-B7BB-015D963BFE1F}.Release|Any CPU.ActiveCfg = Release|Any CPU
		{BDA90C9B-E67C-4084-B7BB-015D963BFE1F}.Release|Any CPU.Build.0 = Release|Any CPU
		{AFBF6F2F-9F4D-4EED-9C8B-6540F7A7DBAF}.Debug|Any CPU.ActiveCfg = Debug|Any CPU
		{AFBF6F2F-9F4D-4EED-9C8B-6540F7A7DBAF}.Debug|Any CPU.Build.0 = Debug|Any CPU
		{AFBF6F2F-9F4D-4EED-9C8B-6540F7A7DBAF}.Release|Any CPU.ActiveCfg = Release|Any CPU
		{AFBF6F2F-9F4D-4EED-9C8B-6540F7A7DBAF}.Release|Any CPU.Build.0 = Release|Any CPU
		{B46ADCE2-FA6E-43C2-BA7F-15C48E436184}.Debug|Any CPU.ActiveCfg = Debug|Any CPU
		{B46ADCE2-FA6E-43C2-BA7F-15C48E436184}.Debug|Any CPU.Build.0 = Debug|Any CPU
		{B46ADCE2-FA6E-43C2-BA7F-15C48E436184}.Release|Any CPU.ActiveCfg = Release|Any CPU
		{B46ADCE2-FA6E-43C2-BA7F-15C48E436184}.Release|Any CPU.Build.0 = Release|Any CPU
		{5AD08308-CDBF-4CD3-829D-24774760B5F4}.Debug|Any CPU.ActiveCfg = Debug|Any CPU
		{5AD08308-CDBF-4CD3-829D-24774760B5F4}.Debug|Any CPU.Build.0 = Debug|Any CPU
		{5AD08308-CDBF-4CD3-829D-24774760B5F4}.Release|Any CPU.ActiveCfg = Release|Any CPU
		{5AD08308-CDBF-4CD3-829D-24774760B5F4}.Release|Any CPU.Build.0 = Release|Any CPU
		{C3A43510-5BF4-4777-A6D5-014E14E36DCB}.Debug|Any CPU.ActiveCfg = Debug|Any CPU
		{C3A43510-5BF4-4777-A6D5-014E14E36DCB}.Debug|Any CPU.Build.0 = Debug|Any CPU
		{C3A43510-5BF4-4777-A6D5-014E14E36DCB}.Release|Any CPU.ActiveCfg = Release|Any CPU
		{C3A43510-5BF4-4777-A6D5-014E14E36DCB}.Release|Any CPU.Build.0 = Release|Any CPU
		{95EAF2CC-63DC-4676-B6FE-795738F3FA55}.Debug|Any CPU.ActiveCfg = Debug|Any CPU
		{95EAF2CC-63DC-4676-B6FE-795738F3FA55}.Debug|Any CPU.Build.0 = Debug|Any CPU
		{95EAF2CC-63DC-4676-B6FE-795738F3FA55}.Release|Any CPU.ActiveCfg = Release|Any CPU
		{95EAF2CC-63DC-4676-B6FE-795738F3FA55}.Release|Any CPU.Build.0 = Release|Any CPU
		{710D1CE6-0146-4002-ADAC-74A778E26DE4}.Debug|Any CPU.ActiveCfg = Debug|Any CPU
		{710D1CE6-0146-4002-ADAC-74A778E26DE4}.Debug|Any CPU.Build.0 = Debug|Any CPU
		{710D1CE6-0146-4002-ADAC-74A778E26DE4}.Release|Any CPU.ActiveCfg = Release|Any CPU
		{710D1CE6-0146-4002-ADAC-74A778E26DE4}.Release|Any CPU.Build.0 = Release|Any CPU
		{F29D9B17-C95F-493C-8C25-9E870AD4CF2D}.Debug|Any CPU.ActiveCfg = Debug|Any CPU
		{F29D9B17-C95F-493C-8C25-9E870AD4CF2D}.Debug|Any CPU.Build.0 = Debug|Any CPU
		{F29D9B17-C95F-493C-8C25-9E870AD4CF2D}.Release|Any CPU.ActiveCfg = Release|Any CPU
		{F29D9B17-C95F-493C-8C25-9E870AD4CF2D}.Release|Any CPU.Build.0 = Release|Any CPU
		{CE2BF722-7E52-4C15-892F-AEF72D42FE02}.Debug|Any CPU.ActiveCfg = Debug|Any CPU
		{CE2BF722-7E52-4C15-892F-AEF72D42FE02}.Debug|Any CPU.Build.0 = Debug|Any CPU
		{CE2BF722-7E52-4C15-892F-AEF72D42FE02}.Release|Any CPU.ActiveCfg = Release|Any CPU
		{CE2BF722-7E52-4C15-892F-AEF72D42FE02}.Release|Any CPU.Build.0 = Release|Any CPU
		{CD445A7C-D2DB-4E7E-84D7-0479482ED73D}.Debug|Any CPU.ActiveCfg = Debug|Any CPU
		{CD445A7C-D2DB-4E7E-84D7-0479482ED73D}.Debug|Any CPU.Build.0 = Debug|Any CPU
		{CD445A7C-D2DB-4E7E-84D7-0479482ED73D}.Release|Any CPU.ActiveCfg = Release|Any CPU
		{CD445A7C-D2DB-4E7E-84D7-0479482ED73D}.Release|Any CPU.Build.0 = Release|Any CPU
		{0D332B97-7F56-472A-8E56-C2DD6B06F756}.Debug|Any CPU.ActiveCfg = Debug|Any CPU
		{0D332B97-7F56-472A-8E56-C2DD6B06F756}.Debug|Any CPU.Build.0 = Debug|Any CPU
		{0D332B97-7F56-472A-8E56-C2DD6B06F756}.Release|Any CPU.ActiveCfg = Release|Any CPU
		{0D332B97-7F56-472A-8E56-C2DD6B06F756}.Release|Any CPU.Build.0 = Release|Any CPU
		{F2BF9CBA-5C8C-4A6F-8452-16948569C102}.Debug|Any CPU.ActiveCfg = Debug|Any CPU
		{F2BF9CBA-5C8C-4A6F-8452-16948569C102}.Debug|Any CPU.Build.0 = Debug|Any CPU
		{F2BF9CBA-5C8C-4A6F-8452-16948569C102}.Release|Any CPU.ActiveCfg = Release|Any CPU
		{F2BF9CBA-5C8C-4A6F-8452-16948569C102}.Release|Any CPU.Build.0 = Release|Any CPU
	EndGlobalSection
	GlobalSection(SolutionProperties) = preSolution
		HideSolutionNode = FALSE
	EndGlobalSection
	GlobalSection(ExtensibilityGlobals) = postSolution
		SolutionGuid = {0CEF57A8-DEDF-4CD9-AEAE-36B109B8B50D}
	EndGlobalSection
EndGlobal
