
Microsoft Visual Studio Solution File, Format Version 12.00
# Visual Studio Version 17
VisualStudioVersion = 17.3.32825.248
MinimumVisualStudioVersion = 10.0.40219.1
Project("{FAE04EC0-301F-11D3-BF4B-00C04F79EFBC}") = "E01.CommandPattern", "E01.CommandPattern\E01.CommandPattern.csproj", "{4D41116F-25F0-45C2-ACB0-8CC2F144BB3D}"
EndProject
Project("{FAE04EC0-301F-11D3-BF4B-00C04F79EFBC}") = "E02.ValidationAttributes", "E02.ValidationAttributes\E02.ValidationAttributes.csproj", "{CF1E2489-E903-4454-B407-8819D080DF75}"
EndProject
Global
	GlobalSection(SolutionConfigurationPlatforms) = preSolution
		Debug|Any CPU = Debug|Any CPU
		Release|Any CPU = Release|Any CPU
	EndGlobalSection
	GlobalSection(ProjectConfigurationPlatforms) = postSolution
		{4D41116F-25F0-45C2-ACB0-8CC2F144BB3D}.Debug|Any CPU.ActiveCfg = Debug|Any CPU
		{4D41116F-25F0-45C2-ACB0-8CC2F144BB3D}.Debug|Any CPU.Build.0 = Debug|Any CPU
		{4D41116F-25F0-45C2-ACB0-8CC2F144BB3D}.Release|Any CPU.ActiveCfg = Release|Any CPU
		{4D41116F-25F0-45C2-ACB0-8CC2F144BB3D}.Release|Any CPU.Build.0 = Release|Any CPU
		{CF1E2489-E903-4454-B407-8819D080DF75}.Debug|Any CPU.ActiveCfg = Debug|Any CPU
		{CF1E2489-E903-4454-B407-8819D080DF75}.Debug|Any CPU.Build.0 = Debug|Any CPU
		{CF1E2489-E903-4454-B407-8819D080DF75}.Release|Any CPU.ActiveCfg = Release|Any CPU
		{CF1E2489-E903-4454-B407-8819D080DF75}.Release|Any CPU.Build.0 = Release|Any CPU
	EndGlobalSection
	GlobalSection(SolutionProperties) = preSolution
		HideSolutionNode = FALSE
	EndGlobalSection
	GlobalSection(ExtensibilityGlobals) = postSolution
		SolutionGuid = {185B34CA-9F61-4CC9-9F56-B9C50DE17450}
	EndGlobalSection
EndGlobal
