
Microsoft Visual Studio Solution File, Format Version 12.00
# Visual Studio Version 17
VisualStudioVersion = 17.4.33205.214
MinimumVisualStudioVersion = 10.0.40219.1
Project("{FAE04EC0-301F-11D3-BF4B-00C04F79EFBC}") = "Demo", "Demo\Demo.csproj", "{478E440F-3E34-4DC7-BC2D-40BDB5D8C03D}"
EndProject
Global
	GlobalSection(SolutionConfigurationPlatforms) = preSolution
		Debug|Any CPU = Debug|Any CPU
		Release|Any CPU = Release|Any CPU
	EndGlobalSection
	GlobalSection(ProjectConfigurationPlatforms) = postSolution
		{478E440F-3E34-4DC7-BC2D-40BDB5D8C03D}.Debug|Any CPU.ActiveCfg = Debug|Any CPU
		{478E440F-3E34-4DC7-BC2D-40BDB5D8C03D}.Debug|Any CPU.Build.0 = Debug|Any CPU
		{478E440F-3E34-4DC7-BC2D-40BDB5D8C03D}.Release|Any CPU.ActiveCfg = Release|Any CPU
		{478E440F-3E34-4DC7-BC2D-40BDB5D8C03D}.Release|Any CPU.Build.0 = Release|Any CPU
	EndGlobalSection
	GlobalSection(SolutionProperties) = preSolution
		HideSolutionNode = FALSE
	EndGlobalSection
	GlobalSection(ExtensibilityGlobals) = postSolution
		SolutionGuid = {881C7FE0-606A-4F12-A0B2-E524DCB5D5FB}
	EndGlobalSection
EndGlobal
