
Microsoft Visual Studio Solution File, Format Version 12.00
# Visual Studio Version 17
VisualStudioVersion = 17.3.32825.248
MinimumVisualStudioVersion = 10.0.40219.1
Project("{FAE04EC0-301F-11D3-BF4B-00C04F79EFBC}") = "Program", "Program\Program.csproj", "{AD54B6F5-7B45-46AA-9373-7CF826513BA1}"
EndProject
Project("{FAE04EC0-301F-11D3-BF4B-00C04F79EFBC}") = "UnitTests", "UnitTests\UnitTests.csproj", "{CE745DE9-E494-4216-9021-96DBFA03D61F}"
EndProject
Global
	GlobalSection(SolutionConfigurationPlatforms) = preSolution
		Debug|Any CPU = Debug|Any CPU
		Release|Any CPU = Release|Any CPU
	EndGlobalSection
	GlobalSection(ProjectConfigurationPlatforms) = postSolution
		{AD54B6F5-7B45-46AA-9373-7CF826513BA1}.Debug|Any CPU.ActiveCfg = Debug|Any CPU
		{AD54B6F5-7B45-46AA-9373-7CF826513BA1}.Debug|Any CPU.Build.0 = Debug|Any CPU
		{AD54B6F5-7B45-46AA-9373-7CF826513BA1}.Release|Any CPU.ActiveCfg = Release|Any CPU
		{AD54B6F5-7B45-46AA-9373-7CF826513BA1}.Release|Any CPU.Build.0 = Release|Any CPU
		{CE745DE9-E494-4216-9021-96DBFA03D61F}.Debug|Any CPU.ActiveCfg = Debug|Any CPU
		{CE745DE9-E494-4216-9021-96DBFA03D61F}.Debug|Any CPU.Build.0 = Debug|Any CPU
		{CE745DE9-E494-4216-9021-96DBFA03D61F}.Release|Any CPU.ActiveCfg = Release|Any CPU
		{CE745DE9-E494-4216-9021-96DBFA03D61F}.Release|Any CPU.Build.0 = Release|Any CPU
	EndGlobalSection
	GlobalSection(SolutionProperties) = preSolution
		HideSolutionNode = FALSE
	EndGlobalSection
	GlobalSection(ExtensibilityGlobals) = postSolution
		SolutionGuid = {8B76377C-4316-4F3D-A007-B73C68DA0815}
	EndGlobalSection
EndGlobal
