
Microsoft Visual Studio Solution File, Format Version 12.00
# Visual Studio Version 17
VisualStudioVersion = 17.1.32228.430
MinimumVisualStudioVersion = 10.0.40219.1
Project("{9A19103F-16F7-4668-BE54-9A1E7A4F7556}") = "DefiningClasses", "DefiningClasses\DefiningClasses.csproj", "{233C6E91-4299-47DB-8E46-718FC68B63D9}"
EndProject
Project("{9A19103F-16F7-4668-BE54-9A1E7A4F7556}") = "Enumeration", "Enumeration\Enumeration.csproj", "{F3B40572-6D89-4B98-9E68-924FF493FDB7}"
EndProject
Project("{FAE04EC0-301F-11D3-BF4B-00C04F79EFBC}") = "InAndOutTesting", "InAndOutTesting\InAndOutTesting.csproj", "{0C17B9AF-5ED0-4B71-BF6B-5C9568BA5FE9}"
EndProject
Global
	GlobalSection(SolutionConfigurationPlatforms) = preSolution
		Debug|Any CPU = Debug|Any CPU
		Release|Any CPU = Release|Any CPU
	EndGlobalSection
	GlobalSection(ProjectConfigurationPlatforms) = postSolution
		{233C6E91-4299-47DB-8E46-718FC68B63D9}.Debug|Any CPU.ActiveCfg = Debug|Any CPU
		{233C6E91-4299-47DB-8E46-718FC68B63D9}.Debug|Any CPU.Build.0 = Debug|Any CPU
		{233C6E91-4299-47DB-8E46-718FC68B63D9}.Release|Any CPU.ActiveCfg = Release|Any CPU
		{233C6E91-4299-47DB-8E46-718FC68B63D9}.Release|Any CPU.Build.0 = Release|Any CPU
		{F3B40572-6D89-4B98-9E68-924FF493FDB7}.Debug|Any CPU.ActiveCfg = Debug|Any CPU
		{F3B40572-6D89-4B98-9E68-924FF493FDB7}.Debug|Any CPU.Build.0 = Debug|Any CPU
		{F3B40572-6D89-4B98-9E68-924FF493FDB7}.Release|Any CPU.ActiveCfg = Release|Any CPU
		{F3B40572-6D89-4B98-9E68-924FF493FDB7}.Release|Any CPU.Build.0 = Release|Any CPU
		{0C17B9AF-5ED0-4B71-BF6B-5C9568BA5FE9}.Debug|Any CPU.ActiveCfg = Debug|Any CPU
		{0C17B9AF-5ED0-4B71-BF6B-5C9568BA5FE9}.Debug|Any CPU.Build.0 = Debug|Any CPU
		{0C17B9AF-5ED0-4B71-BF6B-5C9568BA5FE9}.Release|Any CPU.ActiveCfg = Release|Any CPU
		{0C17B9AF-5ED0-4B71-BF6B-5C9568BA5FE9}.Release|Any CPU.Build.0 = Release|Any CPU
	EndGlobalSection
	GlobalSection(SolutionProperties) = preSolution
		HideSolutionNode = FALSE
	EndGlobalSection
	GlobalSection(ExtensibilityGlobals) = postSolution
		SolutionGuid = {E6B48B82-8EC9-447D-BE99-222AF773300D}
	EndGlobalSection
EndGlobal
