
Microsoft Visual Studio Solution File, Format Version 12.00
# Visual Studio Version 17
VisualStudioVersion = 17.3.32825.248
MinimumVisualStudioVersion = 10.0.40219.1
Project("{9A19103F-16F7-4668-BE54-9A1E7A4F7556}") = "E01.InitialSetup", "E01.InitialSetup\E01.InitialSetup.csproj", "{F2ED5C43-5D03-4052-ADDD-2ACD0701470D}"
EndProject
Project("{9A19103F-16F7-4668-BE54-9A1E7A4F7556}") = "E02.VillainNames", "E02.VillainNames\E02.VillainNames.csproj", "{3872701B-BB65-46B8-9FB6-9E56D44D8860}"
EndProject
Project("{9A19103F-16F7-4668-BE54-9A1E7A4F7556}") = "E03.MinionNames", "E03.MinionNames\E03.MinionNames.csproj", "{2A53AEB6-E7DB-4314-AA0A-C2E80A39818C}"
EndProject
Project("{9A19103F-16F7-4668-BE54-9A1E7A4F7556}") = "E04.AddMinion", "E04.AddMinion\E04.AddMinion.csproj", "{E04E27D1-1BA9-4CF6-AC41-7B0466CEC1B3}"
EndProject
Project("{9A19103F-16F7-4668-BE54-9A1E7A4F7556}") = "E05.ChangeTownNamesCasing", "E05.ChangeTownNamesCasing\E05.ChangeTownNamesCasing.csproj", "{3E8D99BE-1F72-43B8-9947-08E18E210E92}"
EndProject
Project("{FAE04EC0-301F-11D3-BF4B-00C04F79EFBC}") = "E06.RemoveVillain", "E06.RemoveVillain\E06.RemoveVillain.csproj", "{008BFD99-2A45-4DF3-9F4B-8A29C517669D}"
EndProject
Project("{FAE04EC0-301F-11D3-BF4B-00C04F79EFBC}") = "E07.PrintAllMinionNames", "E07.PrintAllMinionNames\E07.PrintAllMinionNames.csproj", "{0380630C-DA5F-4A50-B72A-E66EAC41BAC7}"
EndProject
Project("{FAE04EC0-301F-11D3-BF4B-00C04F79EFBC}") = "E08.IncreaseMinionAge", "E08.IncreaseMinionAge\E08.IncreaseMinionAge.csproj", "{94C61B25-534E-439A-8745-6D044554B27C}"
EndProject
Project("{FAE04EC0-301F-11D3-BF4B-00C04F79EFBC}") = "E09.IncreaseAgeStoredProcedure", "E09.IncreaseAgeStoredProcedure\E09.IncreaseAgeStoredProcedure.csproj", "{34D2C217-6C3A-4131-8DE8-7ECAB7C0FD5F}"
EndProject
Global
	GlobalSection(SolutionConfigurationPlatforms) = preSolution
		Debug|Any CPU = Debug|Any CPU
		Release|Any CPU = Release|Any CPU
	EndGlobalSection
	GlobalSection(ProjectConfigurationPlatforms) = postSolution
		{F2ED5C43-5D03-4052-ADDD-2ACD0701470D}.Debug|Any CPU.ActiveCfg = Debug|Any CPU
		{F2ED5C43-5D03-4052-ADDD-2ACD0701470D}.Debug|Any CPU.Build.0 = Debug|Any CPU
		{F2ED5C43-5D03-4052-ADDD-2ACD0701470D}.Release|Any CPU.ActiveCfg = Release|Any CPU
		{F2ED5C43-5D03-4052-ADDD-2ACD0701470D}.Release|Any CPU.Build.0 = Release|Any CPU
		{3872701B-BB65-46B8-9FB6-9E56D44D8860}.Debug|Any CPU.ActiveCfg = Debug|Any CPU
		{3872701B-BB65-46B8-9FB6-9E56D44D8860}.Debug|Any CPU.Build.0 = Debug|Any CPU
		{3872701B-BB65-46B8-9FB6-9E56D44D8860}.Release|Any CPU.ActiveCfg = Release|Any CPU
		{3872701B-BB65-46B8-9FB6-9E56D44D8860}.Release|Any CPU.Build.0 = Release|Any CPU
		{2A53AEB6-E7DB-4314-AA0A-C2E80A39818C}.Debug|Any CPU.ActiveCfg = Debug|Any CPU
		{2A53AEB6-E7DB-4314-AA0A-C2E80A39818C}.Debug|Any CPU.Build.0 = Debug|Any CPU
		{2A53AEB6-E7DB-4314-AA0A-C2E80A39818C}.Release|Any CPU.ActiveCfg = Release|Any CPU
		{2A53AEB6-E7DB-4314-AA0A-C2E80A39818C}.Release|Any CPU.Build.0 = Release|Any CPU
		{E04E27D1-1BA9-4CF6-AC41-7B0466CEC1B3}.Debug|Any CPU.ActiveCfg = Debug|Any CPU
		{E04E27D1-1BA9-4CF6-AC41-7B0466CEC1B3}.Debug|Any CPU.Build.0 = Debug|Any CPU
		{E04E27D1-1BA9-4CF6-AC41-7B0466CEC1B3}.Release|Any CPU.ActiveCfg = Release|Any CPU
		{E04E27D1-1BA9-4CF6-AC41-7B0466CEC1B3}.Release|Any CPU.Build.0 = Release|Any CPU
		{3E8D99BE-1F72-43B8-9947-08E18E210E92}.Debug|Any CPU.ActiveCfg = Debug|Any CPU
		{3E8D99BE-1F72-43B8-9947-08E18E210E92}.Debug|Any CPU.Build.0 = Debug|Any CPU
		{3E8D99BE-1F72-43B8-9947-08E18E210E92}.Release|Any CPU.ActiveCfg = Release|Any CPU
		{3E8D99BE-1F72-43B8-9947-08E18E210E92}.Release|Any CPU.Build.0 = Release|Any CPU
		{008BFD99-2A45-4DF3-9F4B-8A29C517669D}.Debug|Any CPU.ActiveCfg = Debug|Any CPU
		{008BFD99-2A45-4DF3-9F4B-8A29C517669D}.Debug|Any CPU.Build.0 = Debug|Any CPU
		{008BFD99-2A45-4DF3-9F4B-8A29C517669D}.Release|Any CPU.ActiveCfg = Release|Any CPU
		{008BFD99-2A45-4DF3-9F4B-8A29C517669D}.Release|Any CPU.Build.0 = Release|Any CPU
		{0380630C-DA5F-4A50-B72A-E66EAC41BAC7}.Debug|Any CPU.ActiveCfg = Debug|Any CPU
		{0380630C-DA5F-4A50-B72A-E66EAC41BAC7}.Debug|Any CPU.Build.0 = Debug|Any CPU
		{0380630C-DA5F-4A50-B72A-E66EAC41BAC7}.Release|Any CPU.ActiveCfg = Release|Any CPU
		{0380630C-DA5F-4A50-B72A-E66EAC41BAC7}.Release|Any CPU.Build.0 = Release|Any CPU
		{94C61B25-534E-439A-8745-6D044554B27C}.Debug|Any CPU.ActiveCfg = Debug|Any CPU
		{94C61B25-534E-439A-8745-6D044554B27C}.Debug|Any CPU.Build.0 = Debug|Any CPU
		{94C61B25-534E-439A-8745-6D044554B27C}.Release|Any CPU.ActiveCfg = Release|Any CPU
		{94C61B25-534E-439A-8745-6D044554B27C}.Release|Any CPU.Build.0 = Release|Any CPU
		{34D2C217-6C3A-4131-8DE8-7ECAB7C0FD5F}.Debug|Any CPU.ActiveCfg = Debug|Any CPU
		{34D2C217-6C3A-4131-8DE8-7ECAB7C0FD5F}.Debug|Any CPU.Build.0 = Debug|Any CPU
		{34D2C217-6C3A-4131-8DE8-7ECAB7C0FD5F}.Release|Any CPU.ActiveCfg = Release|Any CPU
		{34D2C217-6C3A-4131-8DE8-7ECAB7C0FD5F}.Release|Any CPU.Build.0 = Release|Any CPU
	EndGlobalSection
	GlobalSection(SolutionProperties) = preSolution
		HideSolutionNode = FALSE
	EndGlobalSection
	GlobalSection(ExtensibilityGlobals) = postSolution
		SolutionGuid = {54A42F24-AB3E-4FD6-AF65-8CDF0DF851DB}
	EndGlobalSection
EndGlobal
