
Microsoft Visual Studio Solution File, Format Version 12.00
# Visual Studio Version 17
VisualStudioVersion = 17.4.33205.214
MinimumVisualStudioVersion = 10.0.40219.1
Project("{9A19103F-16F7-4668-BE54-9A1E7A4F7556}") = "EntityRelationsDemo", "04.EntityRelations\EntityRelationsDemo.csproj", "{A043DB1B-96B7-4301-8C08-259CE4AAB8EB}"
EndProject
Project("{9A19103F-16F7-4668-BE54-9A1E7A4F7556}") = "E01.StudentSystem", "E01.StudentSystem\E01.StudentSystem.csproj", "{3A8DED33-D157-4D81-8525-F4359217D0C7}"
EndProject
Project("{FAE04EC0-301F-11D3-BF4B-00C04F79EFBC}") = "E02.FootballBetting", "FootballBetting\E02.FootballBetting.csproj", "{598E4E0D-0B98-428B-92D8-B5CB3F7867AD}"
EndProject
Global
	GlobalSection(SolutionConfigurationPlatforms) = preSolution
		Debug|Any CPU = Debug|Any CPU
		Release|Any CPU = Release|Any CPU
	EndGlobalSection
	GlobalSection(ProjectConfigurationPlatforms) = postSolution
		{A043DB1B-96B7-4301-8C08-259CE4AAB8EB}.Debug|Any CPU.ActiveCfg = Debug|Any CPU
		{A043DB1B-96B7-4301-8C08-259CE4AAB8EB}.Debug|Any CPU.Build.0 = Debug|Any CPU
		{A043DB1B-96B7-4301-8C08-259CE4AAB8EB}.Release|Any CPU.ActiveCfg = Release|Any CPU
		{A043DB1B-96B7-4301-8C08-259CE4AAB8EB}.Release|Any CPU.Build.0 = Release|Any CPU
		{3A8DED33-D157-4D81-8525-F4359217D0C7}.Debug|Any CPU.ActiveCfg = Debug|Any CPU
		{3A8DED33-D157-4D81-8525-F4359217D0C7}.Debug|Any CPU.Build.0 = Debug|Any CPU
		{3A8DED33-D157-4D81-8525-F4359217D0C7}.Release|Any CPU.ActiveCfg = Release|Any CPU
		{3A8DED33-D157-4D81-8525-F4359217D0C7}.Release|Any CPU.Build.0 = Release|Any CPU
		{598E4E0D-0B98-428B-92D8-B5CB3F7867AD}.Debug|Any CPU.ActiveCfg = Debug|Any CPU
		{598E4E0D-0B98-428B-92D8-B5CB3F7867AD}.Debug|Any CPU.Build.0 = Debug|Any CPU
		{598E4E0D-0B98-428B-92D8-B5CB3F7867AD}.Release|Any CPU.ActiveCfg = Release|Any CPU
		{598E4E0D-0B98-428B-92D8-B5CB3F7867AD}.Release|Any CPU.Build.0 = Release|Any CPU
	EndGlobalSection
	GlobalSection(SolutionProperties) = preSolution
		HideSolutionNode = FALSE
	EndGlobalSection
	GlobalSection(ExtensibilityGlobals) = postSolution
		SolutionGuid = {9B7F3773-F63D-4A16-9AAC-4CF8C4872FCB}
	EndGlobalSection
EndGlobal
